
Microsoft Visual Studio Solution File, Format Version 12.00
# Visual Studio Version 16
VisualStudioVersion = 16.0.29806.167
MinimumVisualStudioVersion = 10.0.40219.1
Project("{FAE04EC0-301F-11D3-BF4B-00C04F79EFBC}") = "DialogTypes", "DialogTypes.csproj", "{9E32DBDE-5C60-4353-8E08-DEE0BE31DA4E}"
EndProject
Project("{2150E333-8FDC-42A3-9474-1A3956D46DE8}") = "DialogTypes_Folder", "DialogTypes_Folder", "{17F673D8-FECF-4D5C-B8C1-D68429CE19CF}"
EndProject
Project("{FAE04EC0-301F-11D3-BF4B-00C04F79EFBC}") = "WindowEvents", "..\WindowEvents\WindowEvents.csproj", "{AEFD008A-8D0A-484A-A3C9-960C8D65E3D3}"
EndProject
Project("{2150E333-8FDC-42A3-9474-1A3956D46DE8}") = "WindowEvents_Folder", "WindowEvents_Folder", "{B34523FD-047E-431D-8209-E86BF7617C73}"
EndProject
Project("{2150E333-8FDC-42A3-9474-1A3956D46DE8}") = "WindowPosition_Folder", "WindowPosition_Folder", "{49826841-AD97-4FA3-8EA4-BDE8DB684B1B}"
EndProject
Project("{FAE04EC0-301F-11D3-BF4B-00C04F79EFBC}") = "WinndowPosition", "..\WinndowPosition\WinndowPosition.csproj", "{D51A9E3B-A38F-4D4B-A7C9-56EBEA8DB037}"
EndProject
Project("{2150E333-8FDC-42A3-9474-1A3956D46DE8}") = "WindowPositionSave_Folder", "WindowPositionSave_Folder", "{2DF99D1A-66D3-41F8-9120-0D02E88D4C5D}"
EndProject
Project("{FAE04EC0-301F-11D3-BF4B-00C04F79EFBC}") = "WindowPositionSave", "..\WindowPositionSave\WindowPositionSave.csproj", "{BD197D3B-E35B-4298-99B1-AD3372A4F4FE}"
EndProject
Project("{2150E333-8FDC-42A3-9474-1A3956D46DE8}") = "WindowInteracting.01_Folder", "WindowInteracting.01_Folder", "{8E6EA76B-D044-4A02-9A2F-310135E64ED1}"
EndProject
Project("{FAE04EC0-301F-11D3-BF4B-00C04F79EFBC}") = "WindowInteracting.01", "..\WindowInteracting.01\WindowInteracting.01.csproj", "{879C53CC-8EED-4C63-A513-C73EF9BF65AC}"
EndProject
Project("{2150E333-8FDC-42A3-9474-1A3956D46DE8}") = "WindowOwnership_Folder", "WindowOwnership_Folder", "{F1B868E8-1FEA-4273-9D26-87C63D73F22D}"
EndProject
Project("{FAE04EC0-301F-11D3-BF4B-00C04F79EFBC}") = "WindowOwnership", "..\WindowOwnership\WindowOwnership.csproj", "{A7EE34CD-6005-40C2-96D8-61E8DAB3EDD1}"
EndProject
Project("{2150E333-8FDC-42A3-9474-1A3956D46DE8}") = "SaveOpenFileDialogs_Folder", "SaveOpenFileDialogs_Folder", "{8C5E96E8-8BC9-48F4-B71C-59A4F2680690}"
EndProject
Project("{FAE04EC0-301F-11D3-BF4B-00C04F79EFBC}") = "SaveOpenFileDialogs", "..\SaveOpenFileDialogs\SaveOpenFileDialogs.csproj", "{8262133F-643D-4AB7-B72C-F9CC4BE640CB}"
EndProject
Project("{2150E333-8FDC-42A3-9474-1A3956D46DE8}") = "NotRectangularWindow_Folder", "NotRectangularWindow_Folder", "{11239526-3DF2-49F9-9667-12897E2ED453}"
EndProject
Project("{FAE04EC0-301F-11D3-BF4B-00C04F79EFBC}") = "NotRectangularWindow", "..\NotRectangularWindow\NotRectangularWindow.csproj", "{2EF65608-668A-422F-B67D-67CE830A4DDF}"
EndProject
Project("{2150E333-8FDC-42A3-9474-1A3956D46DE8}") = "NotRectangularWindow2", "NotRectangularWindow2", "{D948A51D-623E-41D3-B62F-7F61D4363332}"
EndProject
Project("{FAE04EC0-301F-11D3-BF4B-00C04F79EFBC}") = "NotRectangularWindow2", "..\NotRectangularWindow2\NotRectangularWindow2.csproj", "{52B077AD-0B5F-4AFE-8A35-68375B8F3930}"
EndProject
Project("{2150E333-8FDC-42A3-9474-1A3956D46DE8}") = "GlassEffect", "GlassEffect", "{4ACE990A-54DE-4430-908F-E6A9977709F5}"
EndProject
Project("{2150E333-8FDC-42A3-9474-1A3956D46DE8}") = "VAR1", "VAR1", "{09AB3146-C428-46A6-8934-7BA6A969D622}"
EndProject
Project("{FAE04EC0-301F-11D3-BF4B-00C04F79EFBC}") = "Var1", "..\Var1\Var1.csproj", "{3B24B528-4121-4E38-BFB8-A243FE347C10}"
EndProject
Project("{2150E333-8FDC-42A3-9474-1A3956D46DE8}") = "VAR2", "VAR2", "{BA7E8FD7-5213-47EC-8ABF-62FD3A10A148}"
EndProject
Project("{FAE04EC0-301F-11D3-BF4B-00C04F79EFBC}") = "GlassEffect", "..\..\..\..\Downloads\wpf-windows-master\GlassEffect\GlassEffect.csproj", "{8A083013-75C4-4ABB-9723-79AC861F9066}"
EndProject
Global
	GlobalSection(SolutionConfigurationPlatforms) = preSolution
		Debug|Any CPU = Debug|Any CPU
		Release|Any CPU = Release|Any CPU
	EndGlobalSection
	GlobalSection(ProjectConfigurationPlatforms) = postSolution
		{9E32DBDE-5C60-4353-8E08-DEE0BE31DA4E}.Debug|Any CPU.ActiveCfg = Debug|Any CPU
		{9E32DBDE-5C60-4353-8E08-DEE0BE31DA4E}.Debug|Any CPU.Build.0 = Debug|Any CPU
		{9E32DBDE-5C60-4353-8E08-DEE0BE31DA4E}.Release|Any CPU.ActiveCfg = Release|Any CPU
		{9E32DBDE-5C60-4353-8E08-DEE0BE31DA4E}.Release|Any CPU.Build.0 = Release|Any CPU
		{AEFD008A-8D0A-484A-A3C9-960C8D65E3D3}.Debug|Any CPU.ActiveCfg = Debug|Any CPU
		{AEFD008A-8D0A-484A-A3C9-960C8D65E3D3}.Debug|Any CPU.Build.0 = Debug|Any CPU
		{AEFD008A-8D0A-484A-A3C9-960C8D65E3D3}.Release|Any CPU.ActiveCfg = Release|Any CPU
		{AEFD008A-8D0A-484A-A3C9-960C8D65E3D3}.Release|Any CPU.Build.0 = Release|Any CPU
		{D51A9E3B-A38F-4D4B-A7C9-56EBEA8DB037}.Debug|Any CPU.ActiveCfg = Debug|Any CPU
		{D51A9E3B-A38F-4D4B-A7C9-56EBEA8DB037}.Debug|Any CPU.Build.0 = Debug|Any CPU
		{D51A9E3B-A38F-4D4B-A7C9-56EBEA8DB037}.Release|Any CPU.ActiveCfg = Release|Any CPU
		{D51A9E3B-A38F-4D4B-A7C9-56EBEA8DB037}.Release|Any CPU.Build.0 = Release|Any CPU
		{BD197D3B-E35B-4298-99B1-AD3372A4F4FE}.Debug|Any CPU.ActiveCfg = Debug|Any CPU
		{BD197D3B-E35B-4298-99B1-AD3372A4F4FE}.Debug|Any CPU.Build.0 = Debug|Any CPU
		{BD197D3B-E35B-4298-99B1-AD3372A4F4FE}.Release|Any CPU.ActiveCfg = Release|Any CPU
		{BD197D3B-E35B-4298-99B1-AD3372A4F4FE}.Release|Any CPU.Build.0 = Release|Any CPU
		{879C53CC-8EED-4C63-A513-C73EF9BF65AC}.Debug|Any CPU.ActiveCfg = Debug|Any CPU
		{879C53CC-8EED-4C63-A513-C73EF9BF65AC}.Debug|Any CPU.Build.0 = Debug|Any CPU
		{879C53CC-8EED-4C63-A513-C73EF9BF65AC}.Release|Any CPU.ActiveCfg = Release|Any CPU
		{879C53CC-8EED-4C63-A513-C73EF9BF65AC}.Release|Any CPU.Build.0 = Release|Any CPU
		{A7EE34CD-6005-40C2-96D8-61E8DAB3EDD1}.Debug|Any CPU.ActiveCfg = Debug|Any CPU
		{A7EE34CD-6005-40C2-96D8-61E8DAB3EDD1}.Debug|Any CPU.Build.0 = Debug|Any CPU
		{A7EE34CD-6005-40C2-96D8-61E8DAB3EDD1}.Release|Any CPU.ActiveCfg = Release|Any CPU
		{A7EE34CD-6005-40C2-96D8-61E8DAB3EDD1}.Release|Any CPU.Build.0 = Release|Any CPU
		{8262133F-643D-4AB7-B72C-F9CC4BE640CB}.Debug|Any CPU.ActiveCfg = Debug|Any CPU
		{8262133F-643D-4AB7-B72C-F9CC4BE640CB}.Debug|Any CPU.Build.0 = Debug|Any CPU
		{8262133F-643D-4AB7-B72C-F9CC4BE640CB}.Release|Any CPU.ActiveCfg = Release|Any CPU
		{8262133F-643D-4AB7-B72C-F9CC4BE640CB}.Release|Any CPU.Build.0 = Release|Any CPU
		{2EF65608-668A-422F-B67D-67CE830A4DDF}.Debug|Any CPU.ActiveCfg = Debug|Any CPU
		{2EF65608-668A-422F-B67D-67CE830A4DDF}.Debug|Any CPU.Build.0 = Debug|Any CPU
		{2EF65608-668A-422F-B67D-67CE830A4DDF}.Release|Any CPU.ActiveCfg = Release|Any CPU
		{2EF65608-668A-422F-B67D-67CE830A4DDF}.Release|Any CPU.Build.0 = Release|Any CPU
		{52B077AD-0B5F-4AFE-8A35-68375B8F3930}.Debug|Any CPU.ActiveCfg = Debug|Any CPU
		{52B077AD-0B5F-4AFE-8A35-68375B8F3930}.Debug|Any CPU.Build.0 = Debug|Any CPU
		{52B077AD-0B5F-4AFE-8A35-68375B8F3930}.Release|Any CPU.ActiveCfg = Release|Any CPU
		{52B077AD-0B5F-4AFE-8A35-68375B8F3930}.Release|Any CPU.Build.0 = Release|Any CPU
		{3B24B528-4121-4E38-BFB8-A243FE347C10}.Debug|Any CPU.ActiveCfg = Debug|Any CPU
		{3B24B528-4121-4E38-BFB8-A243FE347C10}.Debug|Any CPU.Build.0 = Debug|Any CPU
		{3B24B528-4121-4E38-BFB8-A243FE347C10}.Release|Any CPU.ActiveCfg = Release|Any CPU
		{3B24B528-4121-4E38-BFB8-A243FE347C10}.Release|Any CPU.Build.0 = Release|Any CPU
		{8A083013-75C4-4ABB-9723-79AC861F9066}.Debug|Any CPU.ActiveCfg = Debug|Any CPU
		{8A083013-75C4-4ABB-9723-79AC861F9066}.Debug|Any CPU.Build.0 = Debug|Any CPU
		{8A083013-75C4-4ABB-9723-79AC861F9066}.Release|Any CPU.ActiveCfg = Release|Any CPU
		{8A083013-75C4-4ABB-9723-79AC861F9066}.Release|Any CPU.Build.0 = Release|Any CPU
	EndGlobalSection
	GlobalSection(SolutionProperties) = preSolution
		HideSolutionNode = FALSE
	EndGlobalSection
	GlobalSection(NestedProjects) = preSolution
		{9E32DBDE-5C60-4353-8E08-DEE0BE31DA4E} = {17F673D8-FECF-4D5C-B8C1-D68429CE19CF}
		{AEFD008A-8D0A-484A-A3C9-960C8D65E3D3} = {B34523FD-047E-431D-8209-E86BF7617C73}
		{D51A9E3B-A38F-4D4B-A7C9-56EBEA8DB037} = {49826841-AD97-4FA3-8EA4-BDE8DB684B1B}
		{BD197D3B-E35B-4298-99B1-AD3372A4F4FE} = {2DF99D1A-66D3-41F8-9120-0D02E88D4C5D}
		{879C53CC-8EED-4C63-A513-C73EF9BF65AC} = {8E6EA76B-D044-4A02-9A2F-310135E64ED1}
		{A7EE34CD-6005-40C2-96D8-61E8DAB3EDD1} = {F1B868E8-1FEA-4273-9D26-87C63D73F22D}
		{8262133F-643D-4AB7-B72C-F9CC4BE640CB} = {8C5E96E8-8BC9-48F4-B71C-59A4F2680690}
		{2EF65608-668A-422F-B67D-67CE830A4DDF} = {11239526-3DF2-49F9-9667-12897E2ED453}
		{52B077AD-0B5F-4AFE-8A35-68375B8F3930} = {D948A51D-623E-41D3-B62F-7F61D4363332}
		{3B24B528-4121-4E38-BFB8-A243FE347C10} = {09AB3146-C428-46A6-8934-7BA6A969D622}
		{8A083013-75C4-4ABB-9723-79AC861F9066} = {4ACE990A-54DE-4430-908F-E6A9977709F5}
	EndGlobalSection
	GlobalSection(ExtensibilityGlobals) = postSolution
		SolutionGuid = {DAF8DA96-F76F-436E-A04A-1A59BDD0EE19}
	EndGlobalSection
EndGlobal
